
Microsoft Visual Studio Solution File, Format Version 12.00
# Visual Studio 15
VisualStudioVersion = 15.0.28307.329
MinimumVisualStudioVersion = 10.0.40219.1
Project("{FAE04EC0-301F-11D3-BF4B-00C04F79EFBC}") = "Ymagi", "Ymagi\Ymagi.csproj", "{59C36E6A-1B4F-4C2F-8569-9125ED6F437F}"
EndProject
Global
	GlobalSection(SolutionConfigurationPlatforms) = preSolution
		Debug|Any CPU = Debug|Any CPU
		Release|Any CPU = Release|Any CPU
	EndGlobalSection
	GlobalSection(ProjectConfigurationPlatforms) = postSolution
		{59C36E6A-1B4F-4C2F-8569-9125ED6F437F}.Debug|Any CPU.ActiveCfg = Debug|Any CPU
		{59C36E6A-1B4F-4C2F-8569-9125ED6F437F}.Debug|Any CPU.Build.0 = Debug|Any CPU
		{59C36E6A-1B4F-4C2F-8569-9125ED6F437F}.Release|Any CPU.ActiveCfg = Release|Any CPU
		{59C36E6A-1B4F-4C2F-8569-9125ED6F437F}.Release|Any CPU.Build.0 = Release|Any CPU
	EndGlobalSection
	GlobalSection(SolutionProperties) = preSolution
		HideSolutionNode = FALSE
	EndGlobalSection
	GlobalSection(ExtensibilityGlobals) = postSolution
		SolutionGuid = {8D06C332-57C6-41F9-A449-1BEFE08B006C}
	EndGlobalSection
EndGlobal
